
Microsoft Visual Studio Solution File, Format Version 11.00
# Visual Studio 2010
Project("{FAE04EC0-301F-11D3-BF4B-00C04F79EFBC}") = "ShyAlex.Windows.Automation", "ShyAlex.Windows.Automation\ShyAlex.Windows.Automation.csproj", "{132EA5D7-2FD5-4775-8478-DF2D1ECAB55F}"
EndProject
Global
	GlobalSection(SolutionConfigurationPlatforms) = preSolution
		Debug|Any CPU = Debug|Any CPU
		Release|Any CPU = Release|Any CPU
	EndGlobalSection
	GlobalSection(ProjectConfigurationPlatforms) = postSolution
		{132EA5D7-2FD5-4775-8478-DF2D1ECAB55F}.Debug|Any CPU.ActiveCfg = Debug|Any CPU
		{132EA5D7-2FD5-4775-8478-DF2D1ECAB55F}.Debug|Any CPU.Build.0 = Debug|Any CPU
		{132EA5D7-2FD5-4775-8478-DF2D1ECAB55F}.Release|Any CPU.ActiveCfg = Release|Any CPU
		{132EA5D7-2FD5-4775-8478-DF2D1ECAB55F}.Release|Any CPU.Build.0 = Release|Any CPU
	EndGlobalSection
	GlobalSection(SolutionProperties) = preSolution
		HideSolutionNode = FALSE
	EndGlobalSection
EndGlobal
